
Microsoft Visual Studio Solution File, Format Version 12.00
# Visual Studio Version 17
VisualStudioVersion = 17.9.34622.214
MinimumVisualStudioVersion = 10.0.40219.1
Project("{FAE04EC0-301F-11D3-BF4B-00C04F79EFBC}") = "ImportadorXML", "ImportadorXML\ImportadorXML.csproj", "{86C60541-51BC-434E-8CAA-9FDCAD2293A7}"
EndProject
Global
	GlobalSection(SolutionConfigurationPlatforms) = preSolution
		Debug|Any CPU = Debug|Any CPU
		Release|Any CPU = Release|Any CPU
	EndGlobalSection
	GlobalSection(ProjectConfigurationPlatforms) = postSolution
		{86C60541-51BC-434E-8CAA-9FDCAD2293A7}.Debug|Any CPU.ActiveCfg = Debug|Any CPU
		{86C60541-51BC-434E-8CAA-9FDCAD2293A7}.Debug|Any CPU.Build.0 = Debug|Any CPU
		{86C60541-51BC-434E-8CAA-9FDCAD2293A7}.Release|Any CPU.ActiveCfg = Release|Any CPU
		{86C60541-51BC-434E-8CAA-9FDCAD2293A7}.Release|Any CPU.Build.0 = Release|Any CPU
	EndGlobalSection
	GlobalSection(SolutionProperties) = preSolution
		HideSolutionNode = FALSE
	EndGlobalSection
	GlobalSection(ExtensibilityGlobals) = postSolution
		SolutionGuid = {99B76963-77CA-49F3-BFA8-470E09C3E6B1}
	EndGlobalSection
EndGlobal
